// !$*UTF8*$!
{
	archiveVersion = 1;
	classes = {
	};
	objectVersion = 50;
	objects = {

/* Begin PBXBuildFile section */
		EA88D0DD2112ED9000FCC904 /* AppDelegate.swift in Sources */ = {isa = PBXBuildFile; fileRef = EA88D0DC2112ED9000FCC904 /* AppDelegate.swift */; };
		EA88D0DF2112ED9000FCC904 /* WelcomeVC.swift in Sources */ = {isa = PBXBuildFile; fileRef = EA88D0DE2112ED9000FCC904 /* WelcomeVC.swift */; };
		EA88D0E22112ED9000FCC904 /* Main.storyboard in Resources */ = {isa = PBXBuildFile; fileRef = EA88D0E02112ED9000FCC904 /* Main.storyboard */; };
		EA88D0E42112ED9200FCC904 /* Assets.xcassets in Resources */ = {isa = PBXBuildFile; fileRef = EA88D0E32112ED9200FCC904 /* Assets.xcassets */; };
		EA88D0E72112ED9200FCC904 /* LaunchScreen.storyboard in Resources */ = {isa = PBXBuildFile; fileRef = EA88D0E52112ED9200FCC904 /* LaunchScreen.storyboard */; };
		EA88D0F02112F46B00FCC904 /* BorderButton.swift in Sources */ = {isa = PBXBuildFile; fileRef = EA88D0EF2112F46B00FCC904 /* BorderButton.swift */; };
		EA88D11421135F4D00FCC904 /* LeagueVC.swift in Sources */ = {isa = PBXBuildFile; fileRef = EA88D11321135F4D00FCC904 /* LeagueVC.swift */; };
		EA88D11621135F7600FCC904 /* SkillVC.swift in Sources */ = {isa = PBXBuildFile; fileRef = EA88D11521135F7600FCC904 /* SkillVC.swift */; };
		EA88D11821139A8700FCC904 /* Player.swift in Sources */ = {isa = PBXBuildFile; fileRef = EA88D11721139A8700FCC904 /* Player.swift */; };
/* End PBXBuildFile section */

/* Begin PBXFileReference section */
		EA88D0D92112ED9000FCC904 /* app-swoosh.app */ = {isa = PBXFileReference; explicitFileType = wrapper.application; includeInIndex = 0; path = "app-swoosh.app"; sourceTree = BUILT_PRODUCTS_DIR; };
		EA88D0DC2112ED9000FCC904 /* AppDelegate.swift */ = {isa = PBXFileReference; lastKnownFileType = sourcecode.swift; path = AppDelegate.swift; sourceTree = "<group>"; };
		EA88D0DE2112ED9000FCC904 /* WelcomeVC.swift */ = {isa = PBXFileReference; lastKnownFileType = sourcecode.swift; path = WelcomeVC.swift; sourceTree = "<group>"; };
		EA88D0E12112ED9000FCC904 /* Base */ = {isa = PBXFileReference; lastKnownFileType = file.storyboard; name = Base; path = Base.lproj/Main.storyboard; sourceTree = "<group>"; };
		EA88D0E32112ED9200FCC904 /* Assets.xcassets */ = {isa = PBXFileReference; lastKnownFileType = folder.assetcatalog; path = Assets.xcassets; sourceTree = "<group>"; };
		EA88D0E62112ED9200FCC904 /* Base */ = {isa = PBXFileReference; lastKnownFileType = file.storyboard; name = Base; path = Base.lproj/LaunchScreen.storyboard; sourceTree = "<group>"; };
		EA88D0E82112ED9200FCC904 /* Info.plist */ = {isa = PBXFileReference; lastKnownFileType = text.plist.xml; path = Info.plist; sourceTree = "<group>"; };
		EA88D0EF2112F46B00FCC904 /* BorderButton.swift */ = {isa = PBXFileReference; lastKnownFileType = sourcecode.swift; path = BorderButton.swift; sourceTree = "<group>"; };
		EA88D11321135F4D00FCC904 /* LeagueVC.swift */ = {isa = PBXFileReference; lastKnownFileType = sourcecode.swift; path = LeagueVC.swift; sourceTree = "<group>"; };
		EA88D11521135F7600FCC904 /* SkillVC.swift */ = {isa = PBXFileReference; lastKnownFileType = sourcecode.swift; path = SkillVC.swift; sourceTree = "<group>"; };
		EA88D11721139A8700FCC904 /* Player.swift */ = {isa = PBXFileReference; lastKnownFileType = sourcecode.swift; path = Player.swift; sourceTree = "<group>"; };
/* End PBXFileReference section */

/* Begin PBXFrameworksBuildPhase section */
		EA88D0D62112ED9000FCC904 /* Frameworks */ = {
			isa = PBXFrameworksBuildPhase;
			buildActionMask = 2147483647;
			files = (
			);
			runOnlyForDeploymentPostprocessing = 0;
		};
/* End PBXFrameworksBuildPhase section */

/* Begin PBXGroup section */
		EA88D0D02112ED9000FCC904 = {
			isa = PBXGroup;
			children = (
				EA88D0DB2112ED9000FCC904 /* app-swoosh */,
				EA88D0DA2112ED9000FCC904 /* Products */,
			);
			sourceTree = "<group>";
		};
		EA88D0DA2112ED9000FCC904 /* Products */ = {
			isa = PBXGroup;
			children = (
				EA88D0D92112ED9000FCC904 /* app-swoosh.app */,
			);
			name = Products;
			sourceTree = "<group>";
		};
		EA88D0DB2112ED9000FCC904 /* app-swoosh */ = {
			isa = PBXGroup;
			children = (
				EA88D11221135E1400FCC904 /* Model */,
				EA88D11121135E0D00FCC904 /* Controller */,
				EA88D0EE2112F43B00FCC904 /* View */,
				EA88D0DC2112ED9000FCC904 /* AppDelegate.swift */,
				EA88D0E32112ED9200FCC904 /* Assets.xcassets */,
				EA88D0E52112ED9200FCC904 /* LaunchScreen.storyboard */,
				EA88D0E82112ED9200FCC904 /* Info.plist */,
			);
			path = "app-swoosh";
			sourceTree = "<group>";
		};
		EA88D0EE2112F43B00FCC904 /* View */ = {
			isa = PBXGroup;
			children = (
				EA88D0E02112ED9000FCC904 /* Main.storyboard */,
				EA88D0EF2112F46B00FCC904 /* BorderButton.swift */,
			);
			name = View;
			sourceTree = "<group>";
		};
		EA88D11121135E0D00FCC904 /* Controller */ = {
			isa = PBXGroup;
			children = (
				EA88D0DE2112ED9000FCC904 /* WelcomeVC.swift */,
				EA88D11321135F4D00FCC904 /* LeagueVC.swift */,
				EA88D11521135F7600FCC904 /* SkillVC.swift */,
			);
			name = Controller;
			sourceTree = "<group>";
		};
		EA88D11221135E1400FCC904 /* Model */ = {
			isa = PBXGroup;
			children = (
				EA88D11721139A8700FCC904 /* Player.swift */,
			);
			name = Model;
			sourceTree = "<group>";
		};
/* End PBXGroup section */

/* Begin PBXNativeTarget section */
		EA88D0D82112ED9000FCC904 /* app-swoosh */ = {
			isa = PBXNativeTarget;
			buildConfigurationList = EA88D0EB2112ED9200FCC904 /* Build configuration list for PBXNativeTarget "app-swoosh" */;
			buildPhases = (
				EA88D0D52112ED9000FCC904 /* Sources */,
				EA88D0D62112ED9000FCC904 /* Frameworks */,
				EA88D0D72112ED9000FCC904 /* Resources */,
			);
			buildRules = (
			);
			dependencies = (
			);
			name = "app-swoosh";
			productName = "app-swoosh";
			productReference = EA88D0D92112ED9000FCC904 /* app-swoosh.app */;
			productType = "com.apple.product-type.application";
		};
/* End PBXNativeTarget section */

/* Begin PBXProject section */
		EA88D0D12112ED9000FCC904 /* Project object */ = {
			isa = PBXProject;
			attributes = {
				LastSwiftUpdateCheck = 0940;
				LastUpgradeCheck = 0940;
				ORGANIZATIONNAME = "Vu Duong";
				TargetAttributes = {
					EA88D0D82112ED9000FCC904 = {
						CreatedOnToolsVersion = 9.4.1;
					};
				};
			};
			buildConfigurationList = EA88D0D42112ED9000FCC904 /* Build configuration list for PBXProject "app-swoosh" */;
			compatibilityVersion = "Xcode 9.3";
			developmentRegion = en;
			hasScannedForEncodings = 0;
			knownRegions = (
				en,
				Base,
			);
			mainGroup = EA88D0D02112ED9000FCC904;
			productRefGroup = EA88D0DA2112ED9000FCC904 /* Products */;
			projectDirPath = "";
			projectRoot = "";
			targets = (
				EA88D0D82112ED9000FCC904 /* app-swoosh */,
			);
		};
/* End PBXProject section */

/* Begin PBXResourcesBuildPhase section */
		EA88D0D72112ED9000FCC904 /* Resources */ = {
			isa = PBXResourcesBuildPhase;
			buildActionMask = 2147483647;
			files = (
				EA88D0E72112ED9200FCC904 /* LaunchScreen.storyboard in Resources */,
				EA88D0E42112ED9200FCC904 /* Assets.xcassets in Resources */,
				EA88D0E22112ED9000FCC904 /* Main.storyboard in Resources */,
			);
			runOnlyForDeploymentPostprocessing = 0;
		};
/* End PBXResourcesBuildPhase section */

/* Begin PBXSourcesBuildPhase section */
		EA88D0D52112ED9000FCC904 /* Sources */ = {
			isa = PBXSourcesBuildPhase;
			buildActionMask = 2147483647;
			files = (
				EA88D0DF2112ED9000FCC904 /* WelcomeVC.swift in Sources */,
				EA88D11421135F4D00FCC904 /* LeagueVC.swift in Sources */,
				EA88D0DD2112ED9000FCC904 /* AppDelegate.swift in Sources */,
				EA88D11621135F7600FCC904 /* SkillVC.swift in Sources */,
				EA88D11821139A8700FCC904 /* Player.swift in Sources */,
				EA88D0F02112F46B00FCC904 /* BorderButton.swift in Sources */,
			);
			runOnlyForDeploymentPostprocessing = 0;
		};
/* End PBXSourcesBuildPhase section */

/* Begin PBXVariantGroup section */
		EA88D0E02112ED9000FCC904 /* Main.storyboard */ = {
			isa = PBXVariantGroup;
			children = (
				EA88D0E12112ED9000FCC904 /* Base */,
			);
			name = Main.storyboard;
			sourceTree = "<group>";
		};
		EA88D0E52112ED9200FCC904 /* LaunchScreen.storyboard */ = {
			isa = PBXVariantGroup;
			children = (
				EA88D0E62112ED9200FCC904 /* Base */,
			);
			name = LaunchScreen.storyboard;
			sourceTree = "<group>";
		};
/* End PBXVariantGroup section */

/* Begin XCBuildConfiguration section */
		EA88D0E92112ED9200FCC904 /* Debug */ = {
			isa = XCBuildConfiguration;
			buildSettings = {
				ALWAYS_SEARCH_USER_PATHS = NO;
				CLANG_ANALYZER_NONNULL = YES;
				CLANG_ANALYZER_NUMBER_OBJECT_CONVERSION = YES_AGGRESSIVE;
				CLANG_CXX_LANGUAGE_STANDARD = "gnu++14";
				CLANG_CXX_LIBRARY = "libc++";
				CLANG_ENABLE_MODULES = YES;
				CLANG_ENABLE_OBJC_ARC = YES;
				CLANG_ENABLE_OBJC_WEAK = YES;
				CLANG_WARN_BLOCK_CAPTURE_AUTORELEASING = YES;
				CLANG_WARN_BOOL_CONVERSION = YES;
				CLANG_WARN_COMMA = YES;
				CLANG_WARN_CONSTANT_CONVERSION = YES;
				CLANG_WARN_DEPRECATED_OBJC_IMPLEMENTATIONS = YES;
				CLANG_WARN_DIRECT_OBJC_ISA_USAGE = YES_ERROR;
				CLANG_WARN_DOCUMENTATION_COMMENTS = YES;
				CLANG_WARN_EMPTY_BODY = YES;
				CLANG_WARN_ENUM_CONVERSION = YES;
				CLANG_WARN_INFINITE_RECURSION = YES;
				CLANG_WARN_INT_CONVERSION = YES;
				CLANG_WARN_NON_LITERAL_NULL_CONVERSION = YES;
				CLANG_WARN_OBJC_IMPLICIT_RETAIN_SELF = YES;
				CLANG_WARN_OBJC_LITERAL_CONVERSION = YES;
				CLANG_WARN_OBJC_ROOT_CLASS = YES_ERROR;
				CLANG_WARN_RANGE_LOOP_ANALYSIS = YES;
				CLANG_WARN_STRICT_PROTOTYPES = YES;
				CLANG_WARN_SUSPICIOUS_MOVE = YES;
				CLANG_WARN_UNGUARDED_AVAILABILITY = YES_AGGRESSIVE;
				CLANG_WARN_UNREACHABLE_CODE = YES;
				CLANG_WARN__DUPLICATE_METHOD_MATCH = YES;
				CODE_SIGN_IDENTITY = "iPhone Developer";
				COPY_PHASE_STRIP = NO;
				DEBUG_INFORMATION_FORMAT = dwarf;
				ENABLE_STRICT_OBJC_MSGSEND = YES;
				ENABLE_TESTABILITY = YES;
				GCC_C_LANGUAGE_STANDARD = gnu11;
				GCC_DYNAMIC_NO_PIC = NO;
				GCC_NO_COMMON_BLOCKS = YES;
				GCC_OPTIMIZATION_LEVEL = 0;
				GCC_PREPROCESSOR_DEFINITIONS = (
					"DEBUG=1",
					"$(inherited)",
				);
				GCC_WARN_64_TO_32_BIT_CONVERSION = YES;
				GCC_WARN_ABOUT_RETURN_TYPE = YES_ERROR;
				GCC_WARN_UNDECLARED_SELECTOR = YES;
				GCC_WARN_UNINITIALIZED_AUTOS = YES_AGGRESSIVE;
				GCC_WARN_UNUSED_FUNCTION = YES;
				GCC_WARN_UNUSED_VARIABLE = YES;
				IPHONEOS_DEPLOYMENT_TARGET = 11.4;
				MTL_ENABLE_DEBUG_INFO = YES;
				ONLY_ACTIVE_ARCH = YES;
				SDKROOT = iphoneos;
				SWIFT_ACTIVE_COMPILATION_CONDITIONS = DEBUG;
				SWIFT_OPTIMIZATION_LEVEL = "-Onone";
			};
			name = Debug;
		};
		EA88D0EA2112ED9200FCC904 /* Release */ = {
			isa = XCBuildConfiguration;
			buildSettings = {
				ALWAYS_SEARCH_USER_PATHS = NO;
				CLANG_ANALYZER_NONNULL = YES;
				CLANG_ANALYZER_NUMBER_OBJECT_CONVERSION = YES_AGGRESSIVE;
				CLANG_CXX_LANGUAGE_STANDARD = "gnu++14";
				CLANG_CXX_LIBRARY = "libc++";
				CLANG_ENABLE_MODULES = YES;
				CLANG_ENABLE_OBJC_ARC = YES;
				CLANG_ENABLE_OBJC_WEAK = YES;
				CLANG_WARN_BLOCK_CAPTURE_AUTORELEASING = YES;
				CLANG_WARN_BOOL_CONVERSION = YES;
				CLANG_WARN_COMMA = YES;
				CLANG_WARN_CONSTANT_CONVERSION = YES;
				CLANG_WARN_DEPRECATED_OBJC_IMPLEMENTATIONS = YES;
				CLANG_WARN_DIRECT_OBJC_ISA_USAGE = YES_ERROR;
				CLANG_WARN_DOCUMENTATION_COMMENTS = YES;
				CLANG_WARN_EMPTY_BODY = YES;
				CLANG_WARN_ENUM_CONVERSION = YES;
				CLANG_WARN_INFINITE_RECURSION = YES;
				CLANG_WARN_INT_CONVERSION = YES;
				CLANG_WARN_NON_LITERAL_NULL_CONVERSION = YES;
				CLANG_WARN_OBJC_IMPLICIT_RETAIN_SELF = YES;
				CLANG_WARN_OBJC_LITERAL_CONVERSION = YES;
				CLANG_WARN_OBJC_ROOT_CLASS = YES_ERROR;
				CLANG_WARN_RANGE_LOOP_ANALYSIS = YES;
				CLANG_WARN_STRICT_PROTOTYPES = YES;
				CLANG_WARN_SUSPICIOUS_MOVE = YES;
				CLANG_WARN_UNGUARDED_AVAILABILITY = YES_AGGRESSIVE;
				CLANG_WARN_UNREACHABLE_CODE = YES;
				CLANG_WARN__DUPLICATE_METHOD_MATCH = YES;
				CODE_SIGN_IDENTITY = "iPhone Developer";
				COPY_PHASE_STRIP = NO;
				DEBUG_INFORMATION_FORMAT = "dwarf-with-dsym";
				ENABLE_NS_ASSERTIONS = NO;
				ENABLE_STRICT_OBJC_MSGSEND = YES;
				GCC_C_LANGUAGE_STANDARD = gnu11;
				GCC_NO_COMMON_BLOCKS = YES;
				GCC_WARN_64_TO_32_BIT_CONVERSION = YES;
				GCC_WARN_ABOUT_RETURN_TYPE = YES_ERROR;
				GCC_WARN_UNDECLARED_SELECTOR = YES;
				GCC_WARN_UNINITIALIZED_AUTOS = YES_AGGRESSIVE;
				GCC_WARN_UNUSED_FUNCTION = YES;
				GCC_WARN_UNUSED_VARIABLE = YES;
				IPHONEOS_DEPLOYMENT_TARGET = 11.4;
				MTL_ENABLE_DEBUG_INFO = NO;
				SDKROOT = iphoneos;
				SWIFT_COMPILATION_MODE = wholemodule;
				SWIFT_OPTIMIZATION_LEVEL = "-O";
				VALIDATE_PRODUCT = YES;
			};
			name = Release;
		};
		EA88D0EC2112ED9200FCC904 /* Debug */ = {
			isa = XCBuildConfiguration;
			buildSettings = {
				ASSETCATALOG_COMPILER_APPICON_NAME = AppIcon;
				CODE_SIGN_STYLE = Automatic;
				DEVELOPMENT_TEAM = SL2PQN527J;
				INFOPLIST_FILE = "app-swoosh/Info.plist";
				LD_RUNPATH_SEARCH_PATHS = (
					"$(inherited)",
					"@executable_path/Frameworks",
				);
				PRODUCT_BUNDLE_IDENTIFIER = "com.vuduong.app-swoosh";
				PRODUCT_NAME = "$(TARGET_NAME)";
				SWIFT_VERSION = 4.0;
				TARGETED_DEVICE_FAMILY = "1,2";
			};
			name = Debug;
		};
		EA88D0ED2112ED9200FCC904 /* Release */ = {
			isa = XCBuildConfiguration;
			buildSettings = {
				ASSETCATALOG_COMPILER_APPICON_NAME = AppIcon;
				CODE_SIGN_STYLE = Automatic;
				DEVELOPMENT_TEAM = SL2PQN527J;
				INFOPLIST_FILE = "app-swoosh/Info.plist";
				LD_RUNPATH_SEARCH_PATHS = (
					"$(inherited)",
					"@executable_path/Frameworks",
				);
				PRODUCT_BUNDLE_IDENTIFIER = "com.vuduong.app-swoosh";
				PRODUCT_NAME = "$(TARGET_NAME)";
				SWIFT_VERSION = 4.0;
				TARGETED_DEVICE_FAMILY = "1,2";
			};
			name = Release;
		};
/* End XCBuildConfiguration section */

/* Begin XCConfigurationList section */
		EA88D0D42112ED9000FCC904 /* Build configuration list for PBXProject "app-swoosh" */ = {
			isa = XCConfigurationList;
			buildConfigurations = (
				EA88D0E92112ED9200FCC904 /* Debug */,
				EA88D0EA2112ED9200FCC904 /* Release */,
			);
			defaultConfigurationIsVisible = 0;
			defaultConfigurationName = Release;
		};
		EA88D0EB2112ED9200FCC904 /* Build configuration list for PBXNativeTarget "app-swoosh" */ = {
			isa = XCConfigurationList;
			buildConfigurations = (
				EA88D0EC2112ED9200FCC904 /* Debug */,
				EA88D0ED2112ED9200FCC904 /* Release */,
			);
			defaultConfigurationIsVisible = 0;
			defaultConfigurationName = Release;
		};
/* End XCConfigurationList section */
	};
	rootObject = EA88D0D12112ED9000FCC904 /* Project object */;
}
